
Microsoft Visual Studio Solution File, Format Version 12.00
# Visual Studio Version 16
VisualStudioVersion = 16.0.30114.105
MinimumVisualStudioVersion = 10.0.40219.1
Project("{FAE04EC0-301F-11D3-BF4B-00C04F79EFBC}") = "RobzServer", "RobzServer\RobzServer.csproj", "{7D55A0D3-3506-4BCA-B34B-6C9C5FF978B5}"
EndProject
Global
	GlobalSection(SolutionConfigurationPlatforms) = preSolution
		Debug|Any CPU = Debug|Any CPU
		Release|Any CPU = Release|Any CPU
	EndGlobalSection
	GlobalSection(ProjectConfigurationPlatforms) = postSolution
		{7D55A0D3-3506-4BCA-B34B-6C9C5FF978B5}.Debug|Any CPU.ActiveCfg = Debug|Any CPU
		{7D55A0D3-3506-4BCA-B34B-6C9C5FF978B5}.Debug|Any CPU.Build.0 = Debug|Any CPU
		{7D55A0D3-3506-4BCA-B34B-6C9C5FF978B5}.Release|Any CPU.ActiveCfg = Release|Any CPU
		{7D55A0D3-3506-4BCA-B34B-6C9C5FF978B5}.Release|Any CPU.Build.0 = Release|Any CPU
	EndGlobalSection
	GlobalSection(SolutionProperties) = preSolution
		HideSolutionNode = FALSE
	EndGlobalSection
	GlobalSection(ExtensibilityGlobals) = postSolution
		SolutionGuid = {1203C11B-F9D8-45F1-9E5F-66033136FB20}
	EndGlobalSection
EndGlobal
